
Microsoft Visual Studio Solution File, Format Version 12.00
# Visual Studio Version 16
VisualStudioVersion = 16.0.31005.135
MinimumVisualStudioVersion = 10.0.40219.1
Project("{FAE04EC0-301F-11D3-BF4B-00C04F79EFBC}") = "BlazorApp1.Server", "Server\BlazorApp1.Server.csproj", "{44142AEF-6636-4E55-86BC-E27BD9FA160B}"
EndProject
Project("{FAE04EC0-301F-11D3-BF4B-00C04F79EFBC}") = "BlazorApp1.Client", "Client\BlazorApp1.Client.csproj", "{2D093FFA-24B1-41AB-8FED-B42F0C004E77}"
EndProject
Project("{FAE04EC0-301F-11D3-BF4B-00C04F79EFBC}") = "BlazorApp1.Shared", "Shared\BlazorApp1.Shared.csproj", "{4A8AD0A2-C573-43FD-8D40-C0E729208312}"
EndProject
Global
	GlobalSection(SolutionConfigurationPlatforms) = preSolution
		Debug|Any CPU = Debug|Any CPU
		Release|Any CPU = Release|Any CPU
	EndGlobalSection
	GlobalSection(ProjectConfigurationPlatforms) = postSolution
		{44142AEF-6636-4E55-86BC-E27BD9FA160B}.Debug|Any CPU.ActiveCfg = Debug|Any CPU
		{44142AEF-6636-4E55-86BC-E27BD9FA160B}.Debug|Any CPU.Build.0 = Debug|Any CPU
		{44142AEF-6636-4E55-86BC-E27BD9FA160B}.Release|Any CPU.ActiveCfg = Release|Any CPU
		{44142AEF-6636-4E55-86BC-E27BD9FA160B}.Release|Any CPU.Build.0 = Release|Any CPU
		{2D093FFA-24B1-41AB-8FED-B42F0C004E77}.Debug|Any CPU.ActiveCfg = Debug|Any CPU
		{2D093FFA-24B1-41AB-8FED-B42F0C004E77}.Debug|Any CPU.Build.0 = Debug|Any CPU
		{2D093FFA-24B1-41AB-8FED-B42F0C004E77}.Release|Any CPU.ActiveCfg = Release|Any CPU
		{2D093FFA-24B1-41AB-8FED-B42F0C004E77}.Release|Any CPU.Build.0 = Release|Any CPU
		{4A8AD0A2-C573-43FD-8D40-C0E729208312}.Debug|Any CPU.ActiveCfg = Debug|Any CPU
		{4A8AD0A2-C573-43FD-8D40-C0E729208312}.Debug|Any CPU.Build.0 = Debug|Any CPU
		{4A8AD0A2-C573-43FD-8D40-C0E729208312}.Release|Any CPU.ActiveCfg = Release|Any CPU
		{4A8AD0A2-C573-43FD-8D40-C0E729208312}.Release|Any CPU.Build.0 = Release|Any CPU
	EndGlobalSection
	GlobalSection(SolutionProperties) = preSolution
		HideSolutionNode = FALSE
	EndGlobalSection
	GlobalSection(ExtensibilityGlobals) = postSolution
		SolutionGuid = {C096ED62-EA97-459B-BA03-9AE45A6A768F}
	EndGlobalSection
EndGlobal
